{
  "name": "web-serial-api",
  "version": "1.1.4",
  "lockfileVersion": 3,
  "requires": true,
  "packages": {
    "": {
      "name": "web-serial-api",
      "version": "1.1.4",
      "license": "ISC",
      "dependencies": {
        "@types/dom-serial": "^1.0.3"
      },
      "devDependencies": {
        "@types/node": "^20.5.9",
        "typescript": "^5.1.6"
      }
    },
    "node_modules/@types/dom-serial": {
      "version": "1.0.3",
      "resolved": "https://registry.npmjs.org/@types/dom-serial/-/dom-serial-1.0.3.tgz",
      "integrity": "sha512-iuuXTHSUQfosDJTN3AxTHfYtDZVehzAc07P0d6Y6/D0mNMoAzSQcAB8cf3glzH8MfMpZx8JDQv9C+PBpILVI3g=="
    },
    "node_modules/@types/node": {
      "version": "20.5.9",
      "resolved": "https://registry.npmjs.org/@types/node/-/node-20.5.9.tgz",
      "integrity": "sha512-PcGNd//40kHAS3sTlzKB9C9XL4K0sTup8nbG5lC14kzEteTNuAFh9u5nA0o5TWnSG2r/JNPRXFVcHJIIeRlmqQ==",
      "dev": true
    },
    "node_modules/typescript": {
      "version": "5.2.2",
      "resolved": "https://registry.npmjs.org/typescript/-/typescript-5.2.2.tgz",
      "integrity": "sha512-mI4WrpHsbCIcwT9cF4FZvr80QUeKvsUsUvKDoR+X/7XHQH98xYD8YHZg7ANtz2GtZt/CBq2QJ0thkGJMHfqc1w==",
      "dev": true,
      "bin": {
        "tsc": "bin/tsc",
        "tsserver": "bin/tsserver"
      },
      "engines": {
        "node": ">=14.17"
      }
    }
  }
}
